
Microsoft Visual Studio Solution File, Format Version 12.00
# Visual Studio Version 16
VisualStudioVersion = 16.0.31112.23
MinimumVisualStudioVersion = 10.0.40219.1
Project("{888888A0-9F3D-457C-B088-3A5042F75D52}") = "pyost_autoticket", "pyost_autoticket\pyost_autoticket.pyproj", "{C2732243-44FE-40CC-9863-C38791EFDEB8}"
EndProject
Global
	GlobalSection(SolutionConfigurationPlatforms) = preSolution
		Debug|Any CPU = Debug|Any CPU
		Release|Any CPU = Release|Any CPU
	EndGlobalSection
	GlobalSection(ProjectConfigurationPlatforms) = postSolution
		{C2732243-44FE-40CC-9863-C38791EFDEB8}.Debug|Any CPU.ActiveCfg = Debug|Any CPU
		{C2732243-44FE-40CC-9863-C38791EFDEB8}.Release|Any CPU.ActiveCfg = Release|Any CPU
	EndGlobalSection
	GlobalSection(SolutionProperties) = preSolution
		HideSolutionNode = FALSE
	EndGlobalSection
	GlobalSection(ExtensibilityGlobals) = postSolution
		SolutionGuid = {46C63116-A87F-4730-A81D-9B40A0F4BD60}
	EndGlobalSection
EndGlobal
